
Microsoft Visual Studio Solution File, Format Version 12.00
# Visual Studio 15
VisualStudioVersion = 15.0.28307.136
MinimumVisualStudioVersion = 10.0.40219.1
Project("{FAE04EC0-301F-11D3-BF4B-00C04F79EFBC}") = "Contacts.Android", "Contacts\Contacts.Android\Contacts.Android.csproj", "{1D5D5723-8AB0-4776-9D4B-FC150171AD37}"
EndProject
Project("{FAE04EC0-301F-11D3-BF4B-00C04F79EFBC}") = "Contacts.iOS", "Contacts\Contacts.iOS\Contacts.iOS.csproj", "{E909A4DF-7ADC-4137-A061-331E5087A7B8}"
EndProject
Project("{FAE04EC0-301F-11D3-BF4B-00C04F79EFBC}") = "Contacts", "Contacts\Contacts\Contacts.csproj", "{9DEEA6C7-1D60-48D0-85DF-6306D20964FB}"
EndProject
Global
	GlobalSection(SolutionConfigurationPlatforms) = preSolution
		Ad-Hoc|Any CPU = Ad-Hoc|Any CPU
		Ad-Hoc|iPhone = Ad-Hoc|iPhone
		Ad-Hoc|iPhoneSimulator = Ad-Hoc|iPhoneSimulator
		AppStore|Any CPU = AppStore|Any CPU
		AppStore|iPhone = AppStore|iPhone
		AppStore|iPhoneSimulator = AppStore|iPhoneSimulator
		Debug|Any CPU = Debug|Any CPU
		Debug|iPhone = Debug|iPhone
		Debug|iPhoneSimulator = Debug|iPhoneSimulator
		Release|Any CPU = Release|Any CPU
		Release|iPhone = Release|iPhone
		Release|iPhoneSimulator = Release|iPhoneSimulator
	EndGlobalSection
	GlobalSection(ProjectConfigurationPlatforms) = postSolution
		{1D5D5723-8AB0-4776-9D4B-FC150171AD37}.Ad-Hoc|Any CPU.ActiveCfg = Release|Any CPU
		{1D5D5723-8AB0-4776-9D4B-FC150171AD37}.Ad-Hoc|Any CPU.Build.0 = Release|Any CPU
		{1D5D5723-8AB0-4776-9D4B-FC150171AD37}.Ad-Hoc|Any CPU.Deploy.0 = Release|Any CPU
		{1D5D5723-8AB0-4776-9D4B-FC150171AD37}.Ad-Hoc|iPhone.ActiveCfg = Release|Any CPU
		{1D5D5723-8AB0-4776-9D4B-FC150171AD37}.Ad-Hoc|iPhone.Build.0 = Release|Any CPU
		{1D5D5723-8AB0-4776-9D4B-FC150171AD37}.Ad-Hoc|iPhone.Deploy.0 = Release|Any CPU
		{1D5D5723-8AB0-4776-9D4B-FC150171AD37}.Ad-Hoc|iPhoneSimulator.ActiveCfg = Release|Any CPU
		{1D5D5723-8AB0-4776-9D4B-FC150171AD37}.Ad-Hoc|iPhoneSimulator.Build.0 = Release|Any CPU
		{1D5D5723-8AB0-4776-9D4B-FC150171AD37}.Ad-Hoc|iPhoneSimulator.Deploy.0 = Release|Any CPU
		{1D5D5723-8AB0-4776-9D4B-FC150171AD37}.AppStore|Any CPU.ActiveCfg = Release|Any CPU
		{1D5D5723-8AB0-4776-9D4B-FC150171AD37}.AppStore|Any CPU.Build.0 = Release|Any CPU
		{1D5D5723-8AB0-4776-9D4B-FC150171AD37}.AppStore|Any CPU.Deploy.0 = Release|Any CPU
		{1D5D5723-8AB0-4776-9D4B-FC150171AD37}.AppStore|iPhone.ActiveCfg = Release|Any CPU
		{1D5D5723-8AB0-4776-9D4B-FC150171AD37}.AppStore|iPhone.Build.0 = Release|Any CPU
		{1D5D5723-8AB0-4776-9D4B-FC150171AD37}.AppStore|iPhone.Deploy.0 = Release|Any CPU
		{1D5D5723-8AB0-4776-9D4B-FC150171AD37}.AppStore|iPhoneSimulator.ActiveCfg = Release|Any CPU
		{1D5D5723-8AB0-4776-9D4B-FC150171AD37}.AppStore|iPhoneSimulator.Build.0 = Release|Any CPU
		{1D5D5723-8AB0-4776-9D4B-FC150171AD37}.AppStore|iPhoneSimulator.Deploy.0 = Release|Any CPU
		{1D5D5723-8AB0-4776-9D4B-FC150171AD37}.Debug|Any CPU.ActiveCfg = Debug|Any CPU
		{1D5D5723-8AB0-4776-9D4B-FC150171AD37}.Debug|Any CPU.Build.0 = Debug|Any CPU
		{1D5D5723-8AB0-4776-9D4B-FC150171AD37}.Debug|Any CPU.Deploy.0 = Debug|Any CPU
		{1D5D5723-8AB0-4776-9D4B-FC150171AD37}.Debug|iPhone.ActiveCfg = Debug|Any CPU
		{1D5D5723-8AB0-4776-9D4B-FC150171AD37}.Debug|iPhone.Build.0 = Debug|Any CPU
		{1D5D5723-8AB0-4776-9D4B-FC150171AD37}.Debug|iPhone.Deploy.0 = Debug|Any CPU
		{1D5D5723-8AB0-4776-9D4B-FC150171AD37}.Debug|iPhoneSimulator.ActiveCfg = Debug|Any CPU
		{1D5D5723-8AB0-4776-9D4B-FC150171AD37}.Debug|iPhoneSimulator.Build.0 = Debug|Any CPU
		{1D5D5723-8AB0-4776-9D4B-FC150171AD37}.Debug|iPhoneSimulator.Deploy.0 = Debug|Any CPU
		{1D5D5723-8AB0-4776-9D4B-FC150171AD37}.Release|Any CPU.ActiveCfg = Release|Any CPU
		{1D5D5723-8AB0-4776-9D4B-FC150171AD37}.Release|Any CPU.Build.0 = Release|Any CPU
		{1D5D5723-8AB0-4776-9D4B-FC150171AD37}.Release|Any CPU.Deploy.0 = Release|Any CPU
		{1D5D5723-8AB0-4776-9D4B-FC150171AD37}.Release|iPhone.ActiveCfg = Release|Any CPU
		{1D5D5723-8AB0-4776-9D4B-FC150171AD37}.Release|iPhone.Build.0 = Release|Any CPU
		{1D5D5723-8AB0-4776-9D4B-FC150171AD37}.Release|iPhone.Deploy.0 = Release|Any CPU
		{1D5D5723-8AB0-4776-9D4B-FC150171AD37}.Release|iPhoneSimulator.ActiveCfg = Release|Any CPU
		{1D5D5723-8AB0-4776-9D4B-FC150171AD37}.Release|iPhoneSimulator.Build.0 = Release|Any CPU
		{1D5D5723-8AB0-4776-9D4B-FC150171AD37}.Release|iPhoneSimulator.Deploy.0 = Release|Any CPU
		{E909A4DF-7ADC-4137-A061-331E5087A7B8}.Ad-Hoc|Any CPU.ActiveCfg = Ad-Hoc|iPhone
		{E909A4DF-7ADC-4137-A061-331E5087A7B8}.Ad-Hoc|Any CPU.Build.0 = Ad-Hoc|iPhone
		{E909A4DF-7ADC-4137-A061-331E5087A7B8}.Ad-Hoc|Any CPU.Deploy.0 = Ad-Hoc|iPhone
		{E909A4DF-7ADC-4137-A061-331E5087A7B8}.Ad-Hoc|iPhone.ActiveCfg = Ad-Hoc|iPhone
		{E909A4DF-7ADC-4137-A061-331E5087A7B8}.Ad-Hoc|iPhone.Build.0 = Ad-Hoc|iPhone
		{E909A4DF-7ADC-4137-A061-331E5087A7B8}.Ad-Hoc|iPhone.Deploy.0 = Ad-Hoc|iPhone
		{E909A4DF-7ADC-4137-A061-331E5087A7B8}.Ad-Hoc|iPhoneSimulator.ActiveCfg = Ad-Hoc|iPhoneSimulator
		{E909A4DF-7ADC-4137-A061-331E5087A7B8}.Ad-Hoc|iPhoneSimulator.Build.0 = Ad-Hoc|iPhoneSimulator
		{E909A4DF-7ADC-4137-A061-331E5087A7B8}.Ad-Hoc|iPhoneSimulator.Deploy.0 = Ad-Hoc|iPhoneSimulator
		{E909A4DF-7ADC-4137-A061-331E5087A7B8}.AppStore|Any CPU.ActiveCfg = AppStore|iPhone
		{E909A4DF-7ADC-4137-A061-331E5087A7B8}.AppStore|Any CPU.Build.0 = AppStore|iPhone
		{E909A4DF-7ADC-4137-A061-331E5087A7B8}.AppStore|Any CPU.Deploy.0 = AppStore|iPhone
		{E909A4DF-7ADC-4137-A061-331E5087A7B8}.AppStore|iPhone.ActiveCfg = AppStore|iPhone
		{E909A4DF-7ADC-4137-A061-331E5087A7B8}.AppStore|iPhone.Build.0 = AppStore|iPhone
		{E909A4DF-7ADC-4137-A061-331E5087A7B8}.AppStore|iPhone.Deploy.0 = AppStore|iPhone
		{E909A4DF-7ADC-4137-A061-331E5087A7B8}.AppStore|iPhoneSimulator.ActiveCfg = AppStore|iPhoneSimulator
		{E909A4DF-7ADC-4137-A061-331E5087A7B8}.AppStore|iPhoneSimulator.Build.0 = AppStore|iPhoneSimulator
		{E909A4DF-7ADC-4137-A061-331E5087A7B8}.AppStore|iPhoneSimulator.Deploy.0 = AppStore|iPhoneSimulator
		{E909A4DF-7ADC-4137-A061-331E5087A7B8}.Debug|Any CPU.ActiveCfg = Debug|iPhoneSimulator
		{E909A4DF-7ADC-4137-A061-331E5087A7B8}.Debug|Any CPU.Build.0 = Debug|iPhoneSimulator
		{E909A4DF-7ADC-4137-A061-331E5087A7B8}.Debug|Any CPU.Deploy.0 = Debug|iPhoneSimulator
		{E909A4DF-7ADC-4137-A061-331E5087A7B8}.Debug|iPhone.ActiveCfg = Debug|iPhone
		{E909A4DF-7ADC-4137-A061-331E5087A7B8}.Debug|iPhone.Build.0 = Debug|iPhone
		{E909A4DF-7ADC-4137-A061-331E5087A7B8}.Debug|iPhone.Deploy.0 = Debug|iPhone
		{E909A4DF-7ADC-4137-A061-331E5087A7B8}.Debug|iPhoneSimulator.ActiveCfg = Debug|iPhoneSimulator
		{E909A4DF-7ADC-4137-A061-331E5087A7B8}.Debug|iPhoneSimulator.Build.0 = Debug|iPhoneSimulator
		{E909A4DF-7ADC-4137-A061-331E5087A7B8}.Debug|iPhoneSimulator.Deploy.0 = Debug|iPhoneSimulator
		{E909A4DF-7ADC-4137-A061-331E5087A7B8}.Release|Any CPU.ActiveCfg = Release|iPhone
		{E909A4DF-7ADC-4137-A061-331E5087A7B8}.Release|Any CPU.Build.0 = Release|iPhone
		{E909A4DF-7ADC-4137-A061-331E5087A7B8}.Release|Any CPU.Deploy.0 = Release|iPhone
		{E909A4DF-7ADC-4137-A061-331E5087A7B8}.Release|iPhone.ActiveCfg = Release|iPhone
		{E909A4DF-7ADC-4137-A061-331E5087A7B8}.Release|iPhone.Build.0 = Release|iPhone
		{E909A4DF-7ADC-4137-A061-331E5087A7B8}.Release|iPhone.Deploy.0 = Release|iPhone
		{E909A4DF-7ADC-4137-A061-331E5087A7B8}.Release|iPhoneSimulator.ActiveCfg = Release|iPhoneSimulator
		{E909A4DF-7ADC-4137-A061-331E5087A7B8}.Release|iPhoneSimulator.Build.0 = Release|iPhoneSimulator
		{E909A4DF-7ADC-4137-A061-331E5087A7B8}.Release|iPhoneSimulator.Deploy.0 = Release|iPhoneSimulator
		{9DEEA6C7-1D60-48D0-85DF-6306D20964FB}.Ad-Hoc|Any CPU.ActiveCfg = Debug|Any CPU
		{9DEEA6C7-1D60-48D0-85DF-6306D20964FB}.Ad-Hoc|Any CPU.Build.0 = Debug|Any CPU
		{9DEEA6C7-1D60-48D0-85DF-6306D20964FB}.Ad-Hoc|Any CPU.Deploy.0 = Debug|Any CPU
		{9DEEA6C7-1D60-48D0-85DF-6306D20964FB}.Ad-Hoc|iPhone.ActiveCfg = Debug|Any CPU
		{9DEEA6C7-1D60-48D0-85DF-6306D20964FB}.Ad-Hoc|iPhone.Build.0 = Debug|Any CPU
		{9DEEA6C7-1D60-48D0-85DF-6306D20964FB}.Ad-Hoc|iPhone.Deploy.0 = Debug|Any CPU
		{9DEEA6C7-1D60-48D0-85DF-6306D20964FB}.Ad-Hoc|iPhoneSimulator.ActiveCfg = Debug|Any CPU
		{9DEEA6C7-1D60-48D0-85DF-6306D20964FB}.Ad-Hoc|iPhoneSimulator.Build.0 = Debug|Any CPU
		{9DEEA6C7-1D60-48D0-85DF-6306D20964FB}.Ad-Hoc|iPhoneSimulator.Deploy.0 = Debug|Any CPU
		{9DEEA6C7-1D60-48D0-85DF-6306D20964FB}.AppStore|Any CPU.ActiveCfg = Debug|Any CPU
		{9DEEA6C7-1D60-48D0-85DF-6306D20964FB}.AppStore|Any CPU.Build.0 = Debug|Any CPU
		{9DEEA6C7-1D60-48D0-85DF-6306D20964FB}.AppStore|Any CPU.Deploy.0 = Debug|Any CPU
		{9DEEA6C7-1D60-48D0-85DF-6306D20964FB}.AppStore|iPhone.ActiveCfg = Debug|Any CPU
		{9DEEA6C7-1D60-48D0-85DF-6306D20964FB}.AppStore|iPhone.Build.0 = Debug|Any CPU
		{9DEEA6C7-1D60-48D0-85DF-6306D20964FB}.AppStore|iPhone.Deploy.0 = Debug|Any CPU
		{9DEEA6C7-1D60-48D0-85DF-6306D20964FB}.AppStore|iPhoneSimulator.ActiveCfg = Debug|Any CPU
		{9DEEA6C7-1D60-48D0-85DF-6306D20964FB}.AppStore|iPhoneSimulator.Build.0 = Debug|Any CPU
		{9DEEA6C7-1D60-48D0-85DF-6306D20964FB}.AppStore|iPhoneSimulator.Deploy.0 = Debug|Any CPU
		{9DEEA6C7-1D60-48D0-85DF-6306D20964FB}.Debug|Any CPU.ActiveCfg = Debug|Any CPU
		{9DEEA6C7-1D60-48D0-85DF-6306D20964FB}.Debug|Any CPU.Build.0 = Debug|Any CPU
		{9DEEA6C7-1D60-48D0-85DF-6306D20964FB}.Debug|Any CPU.Deploy.0 = Debug|Any CPU
		{9DEEA6C7-1D60-48D0-85DF-6306D20964FB}.Debug|iPhone.ActiveCfg = Debug|Any CPU
		{9DEEA6C7-1D60-48D0-85DF-6306D20964FB}.Debug|iPhone.Build.0 = Debug|Any CPU
		{9DEEA6C7-1D60-48D0-85DF-6306D20964FB}.Debug|iPhone.Deploy.0 = Debug|Any CPU
		{9DEEA6C7-1D60-48D0-85DF-6306D20964FB}.Debug|iPhoneSimulator.ActiveCfg = Debug|Any CPU
		{9DEEA6C7-1D60-48D0-85DF-6306D20964FB}.Debug|iPhoneSimulator.Build.0 = Debug|Any CPU
		{9DEEA6C7-1D60-48D0-85DF-6306D20964FB}.Debug|iPhoneSimulator.Deploy.0 = Debug|Any CPU
		{9DEEA6C7-1D60-48D0-85DF-6306D20964FB}.Release|Any CPU.ActiveCfg = Release|Any CPU
		{9DEEA6C7-1D60-48D0-85DF-6306D20964FB}.Release|Any CPU.Build.0 = Release|Any CPU
		{9DEEA6C7-1D60-48D0-85DF-6306D20964FB}.Release|Any CPU.Deploy.0 = Release|Any CPU
		{9DEEA6C7-1D60-48D0-85DF-6306D20964FB}.Release|iPhone.ActiveCfg = Release|Any CPU
		{9DEEA6C7-1D60-48D0-85DF-6306D20964FB}.Release|iPhone.Build.0 = Release|Any CPU
		{9DEEA6C7-1D60-48D0-85DF-6306D20964FB}.Release|iPhone.Deploy.0 = Release|Any CPU
		{9DEEA6C7-1D60-48D0-85DF-6306D20964FB}.Release|iPhoneSimulator.ActiveCfg = Release|Any CPU
		{9DEEA6C7-1D60-48D0-85DF-6306D20964FB}.Release|iPhoneSimulator.Build.0 = Release|Any CPU
		{9DEEA6C7-1D60-48D0-85DF-6306D20964FB}.Release|iPhoneSimulator.Deploy.0 = Release|Any CPU
	EndGlobalSection
	GlobalSection(SolutionProperties) = preSolution
		HideSolutionNode = FALSE
	EndGlobalSection
	GlobalSection(ExtensibilityGlobals) = postSolution
		SolutionGuid = {E8D9186B-3BA0-488F-9C69-17D789E34770}
	EndGlobalSection
EndGlobal
